// !$*UTF8*$!
{
	archiveVersion = 1;
	classes = {
	};
	objectVersion = 46;
	objects = {

/* Begin PBXBuildFile section */
		3415D9361F6A4E44004935F1 /* ExportVC.swift in Sources */ = {isa = PBXBuildFile; fileRef = 3415D9351F6A4E44004935F1 /* ExportVC.swift */; };
		3440EF921FC6488D00AFE41C /* ConcertDate.swift in Sources */ = {isa = PBXBuildFile; fileRef = 3440EF911FC6488D00AFE41C /* ConcertDate.swift */; };
		347527511F58D1F000BC3C1E /* ToolsVC.swift in Sources */ = {isa = PBXBuildFile; fileRef = 347527501F58D1F000BC3C1E /* ToolsVC.swift */; };
		347E48BB1F70C267006C91A1 /* Utilities.swift in Sources */ = {isa = PBXBuildFile; fileRef = 347E48BA1F70C267006C91A1 /* Utilities.swift */; };
		3483FE641F42734B000759A3 /* CDUtilityFunctions.swift in Sources */ = {isa = PBXBuildFile; fileRef = 3483FE631F42734B000759A3 /* CDUtilityFunctions.swift */; };
		3487033D1F3BFBB6002BF779 /* AppDelegate.swift in Sources */ = {isa = PBXBuildFile; fileRef = 3487033C1F3BFBB6002BF779 /* AppDelegate.swift */; };
		3487033F1F3BFBB6002BF779 /* AddConcertVC.swift in Sources */ = {isa = PBXBuildFile; fileRef = 3487033E1F3BFBB6002BF779 /* AddConcertVC.swift */; };
		348703421F3BFBB6002BF779 /* Main.storyboard in Resources */ = {isa = PBXBuildFile; fileRef = 348703401F3BFBB6002BF779 /* Main.storyboard */; };
		348703451F3BFBB6002BF779 /* OurConcerts.xcdatamodeld in Sources */ = {isa = PBXBuildFile; fileRef = 348703431F3BFBB6002BF779 /* OurConcerts.xcdatamodeld */; };
		348703471F3BFBB6002BF779 /* Assets.xcassets in Resources */ = {isa = PBXBuildFile; fileRef = 348703461F3BFBB6002BF779 /* Assets.xcassets */; };
		3487034A1F3BFBB6002BF779 /* LaunchScreen.storyboard in Resources */ = {isa = PBXBuildFile; fileRef = 348703481F3BFBB6002BF779 /* LaunchScreen.storyboard */; };
		348703551F3BFBB6002BF779 /* OurConcertsTests.swift in Sources */ = {isa = PBXBuildFile; fileRef = 348703541F3BFBB6002BF779 /* OurConcertsTests.swift */; };
		348703601F3BFBB6002BF779 /* OurConcertsUITests.swift in Sources */ = {isa = PBXBuildFile; fileRef = 3487035F1F3BFBB6002BF779 /* OurConcertsUITests.swift */; };
		348703701F3C6E65002BF779 /* ListConcertsVC.swift in Sources */ = {isa = PBXBuildFile; fileRef = 3487036F1F3C6E65002BF779 /* ListConcertsVC.swift */; };
		348703731F3C7471002BF779 /* ListConcertsTableViewCell.swift in Sources */ = {isa = PBXBuildFile; fileRef = 348703721F3C7471002BF779 /* ListConcertsTableViewCell.swift */; };
		3487037C1F3EB958002BF779 /* EditConcertVC.swift in Sources */ = {isa = PBXBuildFile; fileRef = 3487037B1F3EB958002BF779 /* EditConcertVC.swift */; };
		349C7AD720D99178005BE8B2 /* OurConcertsVC.swift in Sources */ = {isa = PBXBuildFile; fileRef = 349C7AD620D99178005BE8B2 /* OurConcertsVC.swift */; };
		349C7AD920D99E1B005BE8B2 /* ConcertsExtension.swift in Sources */ = {isa = PBXBuildFile; fileRef = 349C7AD820D99E1B005BE8B2 /* ConcertsExtension.swift */; };
		34B353321FCBBFB0007079E2 /* OCButton.swift in Sources */ = {isa = PBXBuildFile; fileRef = 34B353311FCBBFB0007079E2 /* OCButton.swift */; };
		34FAAEAE1F9E7C0200D098EB /* RatingControl.swift in Sources */ = {isa = PBXBuildFile; fileRef = 34FAAEAD1F9E7C0200D098EB /* RatingControl.swift */; };
/* End PBXBuildFile section */

/* Begin PBXContainerItemProxy section */
		348703511F3BFBB6002BF779 /* PBXContainerItemProxy */ = {
			isa = PBXContainerItemProxy;
			containerPortal = 348703311F3BFBB5002BF779 /* Project object */;
			proxyType = 1;
			remoteGlobalIDString = 348703381F3BFBB6002BF779;
			remoteInfo = OurConcerts;
		};
		3487035C1F3BFBB6002BF779 /* PBXContainerItemProxy */ = {
			isa = PBXContainerItemProxy;
			containerPortal = 348703311F3BFBB5002BF779 /* Project object */;
			proxyType = 1;
			remoteGlobalIDString = 348703381F3BFBB6002BF779;
			remoteInfo = OurConcerts;
		};
/* End PBXContainerItemProxy section */

/* Begin PBXFileReference section */
		3415D9341F635091004935F1 /* OurConcerts.entitlements */ = {isa = PBXFileReference; lastKnownFileType = text.plist.entitlements; path = OurConcerts.entitlements; sourceTree = "<group>"; };
		3415D9351F6A4E44004935F1 /* ExportVC.swift */ = {isa = PBXFileReference; fileEncoding = 4; lastKnownFileType = sourcecode.swift; path = ExportVC.swift; sourceTree = "<group>"; };
		3440EF911FC6488D00AFE41C /* ConcertDate.swift */ = {isa = PBXFileReference; lastKnownFileType = sourcecode.swift; path = ConcertDate.swift; sourceTree = "<group>"; };
		347527501F58D1F000BC3C1E /* ToolsVC.swift */ = {isa = PBXFileReference; fileEncoding = 4; lastKnownFileType = sourcecode.swift; path = ToolsVC.swift; sourceTree = "<group>"; };
		347E48BA1F70C267006C91A1 /* Utilities.swift */ = {isa = PBXFileReference; fileEncoding = 4; lastKnownFileType = sourcecode.swift; path = Utilities.swift; sourceTree = "<group>"; };
		3483FE631F42734B000759A3 /* CDUtilityFunctions.swift */ = {isa = PBXFileReference; fileEncoding = 4; lastKnownFileType = sourcecode.swift; path = CDUtilityFunctions.swift; sourceTree = "<group>"; };
		348703391F3BFBB6002BF779 /* OurConcerts.app */ = {isa = PBXFileReference; explicitFileType = wrapper.application; includeInIndex = 0; path = OurConcerts.app; sourceTree = BUILT_PRODUCTS_DIR; };
		3487033C1F3BFBB6002BF779 /* AppDelegate.swift */ = {isa = PBXFileReference; lastKnownFileType = sourcecode.swift; path = AppDelegate.swift; sourceTree = "<group>"; };
		3487033E1F3BFBB6002BF779 /* AddConcertVC.swift */ = {isa = PBXFileReference; lastKnownFileType = sourcecode.swift; path = AddConcertVC.swift; sourceTree = "<group>"; };
		348703411F3BFBB6002BF779 /* Base */ = {isa = PBXFileReference; lastKnownFileType = file.storyboard; name = Base; path = Base.lproj/Main.storyboard; sourceTree = "<group>"; };
		348703441F3BFBB6002BF779 /* OurConcerts.xcdatamodel */ = {isa = PBXFileReference; lastKnownFileType = wrapper.xcdatamodel; path = OurConcerts.xcdatamodel; sourceTree = "<group>"; };
		348703461F3BFBB6002BF779 /* Assets.xcassets */ = {isa = PBXFileReference; lastKnownFileType = folder.assetcatalog; path = Assets.xcassets; sourceTree = "<group>"; };
		348703491F3BFBB6002BF779 /* Base */ = {isa = PBXFileReference; lastKnownFileType = file.storyboard; name = Base; path = Base.lproj/LaunchScreen.storyboard; sourceTree = "<group>"; };
		3487034B1F3BFBB6002BF779 /* Info.plist */ = {isa = PBXFileReference; lastKnownFileType = text.plist.xml; path = Info.plist; sourceTree = "<group>"; };
		348703501F3BFBB6002BF779 /* OurConcertsTests.xctest */ = {isa = PBXFileReference; explicitFileType = wrapper.cfbundle; includeInIndex = 0; path = OurConcertsTests.xctest; sourceTree = BUILT_PRODUCTS_DIR; };
		348703541F3BFBB6002BF779 /* OurConcertsTests.swift */ = {isa = PBXFileReference; lastKnownFileType = sourcecode.swift; path = OurConcertsTests.swift; sourceTree = "<group>"; };
		348703561F3BFBB6002BF779 /* Info.plist */ = {isa = PBXFileReference; lastKnownFileType = text.plist.xml; path = Info.plist; sourceTree = "<group>"; };
		3487035B1F3BFBB6002BF779 /* OurConcertsUITests.xctest */ = {isa = PBXFileReference; explicitFileType = wrapper.cfbundle; includeInIndex = 0; path = OurConcertsUITests.xctest; sourceTree = BUILT_PRODUCTS_DIR; };
		3487035F1F3BFBB6002BF779 /* OurConcertsUITests.swift */ = {isa = PBXFileReference; lastKnownFileType = sourcecode.swift; path = OurConcertsUITests.swift; sourceTree = "<group>"; };
		348703611F3BFBB6002BF779 /* Info.plist */ = {isa = PBXFileReference; lastKnownFileType = text.plist.xml; path = Info.plist; sourceTree = "<group>"; };
		3487036F1F3C6E65002BF779 /* ListConcertsVC.swift */ = {isa = PBXFileReference; fileEncoding = 4; lastKnownFileType = sourcecode.swift; path = ListConcertsVC.swift; sourceTree = "<group>"; };
		348703721F3C7471002BF779 /* ListConcertsTableViewCell.swift */ = {isa = PBXFileReference; fileEncoding = 4; lastKnownFileType = sourcecode.swift; path = ListConcertsTableViewCell.swift; sourceTree = "<group>"; };
		3487037B1F3EB958002BF779 /* EditConcertVC.swift */ = {isa = PBXFileReference; fileEncoding = 4; lastKnownFileType = sourcecode.swift; path = EditConcertVC.swift; sourceTree = "<group>"; };
		349C7AD620D99178005BE8B2 /* OurConcertsVC.swift */ = {isa = PBXFileReference; lastKnownFileType = sourcecode.swift; path = OurConcertsVC.swift; sourceTree = "<group>"; };
		349C7AD820D99E1B005BE8B2 /* ConcertsExtension.swift */ = {isa = PBXFileReference; lastKnownFileType = sourcecode.swift; path = ConcertsExtension.swift; sourceTree = "<group>"; };
		34B353311FCBBFB0007079E2 /* OCButton.swift */ = {isa = PBXFileReference; lastKnownFileType = sourcecode.swift; path = OCButton.swift; sourceTree = "<group>"; };
		34FAAEAD1F9E7C0200D098EB /* RatingControl.swift */ = {isa = PBXFileReference; lastKnownFileType = sourcecode.swift; path = RatingControl.swift; sourceTree = "<group>"; };
/* End PBXFileReference section */

/* Begin PBXFrameworksBuildPhase section */
		348703361F3BFBB6002BF779 /* Frameworks */ = {
			isa = PBXFrameworksBuildPhase;
			buildActionMask = 2147483647;
			files = (
			);
			runOnlyForDeploymentPostprocessing = 0;
		};
		3487034D1F3BFBB6002BF779 /* Frameworks */ = {
			isa = PBXFrameworksBuildPhase;
			buildActionMask = 2147483647;
			files = (
			);
			runOnlyForDeploymentPostprocessing = 0;
		};
		348703581F3BFBB6002BF779 /* Frameworks */ = {
			isa = PBXFrameworksBuildPhase;
			buildActionMask = 2147483647;
			files = (
			);
			runOnlyForDeploymentPostprocessing = 0;
		};
/* End PBXFrameworksBuildPhase section */

/* Begin PBXGroup section */
		348703301F3BFBB5002BF779 = {
			isa = PBXGroup;
			children = (
				3487033B1F3BFBB6002BF779 /* OurConcerts */,
				348703531F3BFBB6002BF779 /* OurConcertsTests */,
				3487035E1F3BFBB6002BF779 /* OurConcertsUITests */,
				3487033A1F3BFBB6002BF779 /* Products */,
			);
			sourceTree = "<group>";
		};
		3487033A1F3BFBB6002BF779 /* Products */ = {
			isa = PBXGroup;
			children = (
				348703391F3BFBB6002BF779 /* OurConcerts.app */,
				348703501F3BFBB6002BF779 /* OurConcertsTests.xctest */,
				3487035B1F3BFBB6002BF779 /* OurConcertsUITests.xctest */,
			);
			name = Products;
			sourceTree = "<group>";
		};
		3487033B1F3BFBB6002BF779 /* OurConcerts */ = {
			isa = PBXGroup;
			children = (
				3415D9341F635091004935F1 /* OurConcerts.entitlements */,
				348703711F3C6ED5002BF779 /* Controller */,
				3487036D1F3C6D6F002BF779 /* Model */,
				3487036E1F3C6D86002BF779 /* View */,
				3487033C1F3BFBB6002BF779 /* AppDelegate.swift */,
				348703401F3BFBB6002BF779 /* Main.storyboard */,
				348703461F3BFBB6002BF779 /* Assets.xcassets */,
				348703481F3BFBB6002BF779 /* LaunchScreen.storyboard */,
				3487034B1F3BFBB6002BF779 /* Info.plist */,
				348703431F3BFBB6002BF779 /* OurConcerts.xcdatamodeld */,
			);
			path = OurConcerts;
			sourceTree = "<group>";
		};
		348703531F3BFBB6002BF779 /* OurConcertsTests */ = {
			isa = PBXGroup;
			children = (
				348703541F3BFBB6002BF779 /* OurConcertsTests.swift */,
				348703561F3BFBB6002BF779 /* Info.plist */,
			);
			path = OurConcertsTests;
			sourceTree = "<group>";
		};
		3487035E1F3BFBB6002BF779 /* OurConcertsUITests */ = {
			isa = PBXGroup;
			children = (
				3487035F1F3BFBB6002BF779 /* OurConcertsUITests.swift */,
				348703611F3BFBB6002BF779 /* Info.plist */,
			);
			path = OurConcertsUITests;
			sourceTree = "<group>";
		};
		3487036D1F3C6D6F002BF779 /* Model */ = {
			isa = PBXGroup;
			children = (
				349C7AD820D99E1B005BE8B2 /* ConcertsExtension.swift */,
				3483FE631F42734B000759A3 /* CDUtilityFunctions.swift */,
				3440EF911FC6488D00AFE41C /* ConcertDate.swift */,
			);
			name = Model;
			sourceTree = "<group>";
		};
		3487036E1F3C6D86002BF779 /* View */ = {
			isa = PBXGroup;
			children = (
				348703721F3C7471002BF779 /* ListConcertsTableViewCell.swift */,
				34FAAEAD1F9E7C0200D098EB /* RatingControl.swift */,
				34B353311FCBBFB0007079E2 /* OCButton.swift */,
			);
			name = View;
			sourceTree = "<group>";
		};
		348703711F3C6ED5002BF779 /* Controller */ = {
			isa = PBXGroup;
			children = (
				3487033E1F3BFBB6002BF779 /* AddConcertVC.swift */,
				349C7AD620D99178005BE8B2 /* OurConcertsVC.swift */,
				3487036F1F3C6E65002BF779 /* ListConcertsVC.swift */,
				3487037B1F3EB958002BF779 /* EditConcertVC.swift */,
				347527501F58D1F000BC3C1E /* ToolsVC.swift */,
				3415D9351F6A4E44004935F1 /* ExportVC.swift */,
				347E48BA1F70C267006C91A1 /* Utilities.swift */,
			);
			name = Controller;
			sourceTree = "<group>";
		};
/* End PBXGroup section */

/* Begin PBXNativeTarget section */
		348703381F3BFBB6002BF779 /* OurConcerts */ = {
			isa = PBXNativeTarget;
			buildConfigurationList = 348703641F3BFBB6002BF779 /* Build configuration list for PBXNativeTarget "OurConcerts" */;
			buildPhases = (
				348703351F3BFBB6002BF779 /* Sources */,
				348703361F3BFBB6002BF779 /* Frameworks */,
				348703371F3BFBB6002BF779 /* Resources */,
			);
			buildRules = (
			);
			dependencies = (
			);
			name = OurConcerts;
			productName = OurConcerts;
			productReference = 348703391F3BFBB6002BF779 /* OurConcerts.app */;
			productType = "com.apple.product-type.application";
		};
		3487034F1F3BFBB6002BF779 /* OurConcertsTests */ = {
			isa = PBXNativeTarget;
			buildConfigurationList = 348703671F3BFBB6002BF779 /* Build configuration list for PBXNativeTarget "OurConcertsTests" */;
			buildPhases = (
				3487034C1F3BFBB6002BF779 /* Sources */,
				3487034D1F3BFBB6002BF779 /* Frameworks */,
				3487034E1F3BFBB6002BF779 /* Resources */,
			);
			buildRules = (
			);
			dependencies = (
				348703521F3BFBB6002BF779 /* PBXTargetDependency */,
			);
			name = OurConcertsTests;
			productName = OurConcertsTests;
			productReference = 348703501F3BFBB6002BF779 /* OurConcertsTests.xctest */;
			productType = "com.apple.product-type.bundle.unit-test";
		};
		3487035A1F3BFBB6002BF779 /* OurConcertsUITests */ = {
			isa = PBXNativeTarget;
			buildConfigurationList = 3487036A1F3BFBB6002BF779 /* Build configuration list for PBXNativeTarget "OurConcertsUITests" */;
			buildPhases = (
				348703571F3BFBB6002BF779 /* Sources */,
				348703581F3BFBB6002BF779 /* Frameworks */,
				348703591F3BFBB6002BF779 /* Resources */,
			);
			buildRules = (
			);
			dependencies = (
				3487035D1F3BFBB6002BF779 /* PBXTargetDependency */,
			);
			name = OurConcertsUITests;
			productName = OurConcertsUITests;
			productReference = 3487035B1F3BFBB6002BF779 /* OurConcertsUITests.xctest */;
			productType = "com.apple.product-type.bundle.ui-testing";
		};
/* End PBXNativeTarget section */

/* Begin PBXProject section */
		348703311F3BFBB5002BF779 /* Project object */ = {
			isa = PBXProject;
			attributes = {
				LastSwiftUpdateCheck = 0830;
				LastUpgradeCheck = 0930;
				ORGANIZATIONNAME = "Dean Thomas";
				TargetAttributes = {
					348703381F3BFBB6002BF779 = {
						CreatedOnToolsVersion = 8.3.3;
						DevelopmentTeam = 28MKEBVHS8;
						LastSwiftMigration = 0900;
						ProvisioningStyle = Automatic;
						SystemCapabilities = {
							com.apple.iCloud = {
								enabled = 1;
							};
						};
					};
					3487034F1F3BFBB6002BF779 = {
						CreatedOnToolsVersion = 8.3.3;
						DevelopmentTeam = 28MKEBVHS8;
						LastSwiftMigration = 0900;
						ProvisioningStyle = Automatic;
						TestTargetID = 348703381F3BFBB6002BF779;
					};
					3487035A1F3BFBB6002BF779 = {
						CreatedOnToolsVersion = 8.3.3;
						DevelopmentTeam = 28MKEBVHS8;
						LastSwiftMigration = 0900;
						ProvisioningStyle = Automatic;
						TestTargetID = 348703381F3BFBB6002BF779;
					};
				};
			};
			buildConfigurationList = 348703341F3BFBB5002BF779 /* Build configuration list for PBXProject "OurConcerts" */;
			compatibilityVersion = "Xcode 3.2";
			developmentRegion = English;
			hasScannedForEncodings = 0;
			knownRegions = (
				en,
				Base,
			);
			mainGroup = 348703301F3BFBB5002BF779;
			productRefGroup = 3487033A1F3BFBB6002BF779 /* Products */;
			projectDirPath = "";
			projectRoot = "";
			targets = (
				348703381F3BFBB6002BF779 /* OurConcerts */,
				3487034F1F3BFBB6002BF779 /* OurConcertsTests */,
				3487035A1F3BFBB6002BF779 /* OurConcertsUITests */,
			);
		};
/* End PBXProject section */

/* Begin PBXResourcesBuildPhase section */
		348703371F3BFBB6002BF779 /* Resources */ = {
			isa = PBXResourcesBuildPhase;
			buildActionMask = 2147483647;
			files = (
				3487034A1F3BFBB6002BF779 /* LaunchScreen.storyboard in Resources */,
				348703471F3BFBB6002BF779 /* Assets.xcassets in Resources */,
				348703421F3BFBB6002BF779 /* Main.storyboard in Resources */,
			);
			runOnlyForDeploymentPostprocessing = 0;
		};
		3487034E1F3BFBB6002BF779 /* Resources */ = {
			isa = PBXResourcesBuildPhase;
			buildActionMask = 2147483647;
			files = (
			);
			runOnlyForDeploymentPostprocessing = 0;
		};
		348703591F3BFBB6002BF779 /* Resources */ = {
			isa = PBXResourcesBuildPhase;
			buildActionMask = 2147483647;
			files = (
			);
			runOnlyForDeploymentPostprocessing = 0;
		};
/* End PBXResourcesBuildPhase section */

/* Begin PBXSourcesBuildPhase section */
		348703351F3BFBB6002BF779 /* Sources */ = {
			isa = PBXSourcesBuildPhase;
			buildActionMask = 2147483647;
			files = (
				349C7AD720D99178005BE8B2 /* OurConcertsVC.swift in Sources */,
				349C7AD920D99E1B005BE8B2 /* ConcertsExtension.swift in Sources */,
				3487033F1F3BFBB6002BF779 /* AddConcertVC.swift in Sources */,
				34B353321FCBBFB0007079E2 /* OCButton.swift in Sources */,
				34FAAEAE1F9E7C0200D098EB /* RatingControl.swift in Sources */,
				3483FE641F42734B000759A3 /* CDUtilityFunctions.swift in Sources */,
				347527511F58D1F000BC3C1E /* ToolsVC.swift in Sources */,
				348703701F3C6E65002BF779 /* ListConcertsVC.swift in Sources */,
				348703451F3BFBB6002BF779 /* OurConcerts.xcdatamodeld in Sources */,
				348703731F3C7471002BF779 /* ListConcertsTableViewCell.swift in Sources */,
				3487033D1F3BFBB6002BF779 /* AppDelegate.swift in Sources */,
				3440EF921FC6488D00AFE41C /* ConcertDate.swift in Sources */,
				3415D9361F6A4E44004935F1 /* ExportVC.swift in Sources */,
				347E48BB1F70C267006C91A1 /* Utilities.swift in Sources */,
				3487037C1F3EB958002BF779 /* EditConcertVC.swift in Sources */,
			);
			runOnlyForDeploymentPostprocessing = 0;
		};
		3487034C1F3BFBB6002BF779 /* Sources */ = {
			isa = PBXSourcesBuildPhase;
			buildActionMask = 2147483647;
			files = (
				348703551F3BFBB6002BF779 /* OurConcertsTests.swift in Sources */,
			);
			runOnlyForDeploymentPostprocessing = 0;
		};
		348703571F3BFBB6002BF779 /* Sources */ = {
			isa = PBXSourcesBuildPhase;
			buildActionMask = 2147483647;
			files = (
				348703601F3BFBB6002BF779 /* OurConcertsUITests.swift in Sources */,
			);
			runOnlyForDeploymentPostprocessing = 0;
		};
/* End PBXSourcesBuildPhase section */

/* Begin PBXTargetDependency section */
		348703521F3BFBB6002BF779 /* PBXTargetDependency */ = {
			isa = PBXTargetDependency;
			target = 348703381F3BFBB6002BF779 /* OurConcerts */;
			targetProxy = 348703511F3BFBB6002BF779 /* PBXContainerItemProxy */;
		};
		3487035D1F3BFBB6002BF779 /* PBXTargetDependency */ = {
			isa = PBXTargetDependency;
			target = 348703381F3BFBB6002BF779 /* OurConcerts */;
			targetProxy = 3487035C1F3BFBB6002BF779 /* PBXContainerItemProxy */;
		};
/* End PBXTargetDependency section */

/* Begin PBXVariantGroup section */
		348703401F3BFBB6002BF779 /* Main.storyboard */ = {
			isa = PBXVariantGroup;
			children = (
				348703411F3BFBB6002BF779 /* Base */,
			);
			name = Main.storyboard;
			sourceTree = "<group>";
		};
		348703481F3BFBB6002BF779 /* LaunchScreen.storyboard */ = {
			isa = PBXVariantGroup;
			children = (
				348703491F3BFBB6002BF779 /* Base */,
			);
			name = LaunchScreen.storyboard;
			sourceTree = "<group>";
		};
/* End PBXVariantGroup section */

/* Begin XCBuildConfiguration section */
		348703621F3BFBB6002BF779 /* Debug */ = {
			isa = XCBuildConfiguration;
			buildSettings = {
				ALWAYS_SEARCH_USER_PATHS = NO;
				CLANG_ANALYZER_NONNULL = YES;
				CLANG_ANALYZER_NUMBER_OBJECT_CONVERSION = YES_AGGRESSIVE;
				CLANG_CXX_LANGUAGE_STANDARD = "gnu++0x";
				CLANG_CXX_LIBRARY = "libc++";
				CLANG_ENABLE_MODULES = YES;
				CLANG_ENABLE_OBJC_ARC = YES;
				CLANG_WARN_BLOCK_CAPTURE_AUTORELEASING = YES;
				CLANG_WARN_BOOL_CONVERSION = YES;
				CLANG_WARN_COMMA = YES;
				CLANG_WARN_CONSTANT_CONVERSION = YES;
				CLANG_WARN_DEPRECATED_OBJC_IMPLEMENTATIONS = YES;
				CLANG_WARN_DIRECT_OBJC_ISA_USAGE = YES_ERROR;
				CLANG_WARN_DOCUMENTATION_COMMENTS = YES;
				CLANG_WARN_EMPTY_BODY = YES;
				CLANG_WARN_ENUM_CONVERSION = YES;
				CLANG_WARN_INFINITE_RECURSION = YES;
				CLANG_WARN_INT_CONVERSION = YES;
				CLANG_WARN_NON_LITERAL_NULL_CONVERSION = YES;
				CLANG_WARN_OBJC_IMPLICIT_RETAIN_SELF = YES;
				CLANG_WARN_OBJC_LITERAL_CONVERSION = YES;
				CLANG_WARN_OBJC_ROOT_CLASS = YES_ERROR;
				CLANG_WARN_RANGE_LOOP_ANALYSIS = YES;
				CLANG_WARN_STRICT_PROTOTYPES = YES;
				CLANG_WARN_SUSPICIOUS_MOVE = YES;
				CLANG_WARN_UNREACHABLE_CODE = YES;
				CLANG_WARN__DUPLICATE_METHOD_MATCH = YES;
				"CODE_SIGN_IDENTITY[sdk=iphoneos*]" = "iPhone Developer";
				COPY_PHASE_STRIP = NO;
				DEBUG_INFORMATION_FORMAT = dwarf;
				ENABLE_STRICT_OBJC_MSGSEND = YES;
				ENABLE_TESTABILITY = YES;
				GCC_C_LANGUAGE_STANDARD = gnu99;
				GCC_DYNAMIC_NO_PIC = NO;
				GCC_NO_COMMON_BLOCKS = YES;
				GCC_OPTIMIZATION_LEVEL = 0;
				GCC_PREPROCESSOR_DEFINITIONS = (
					"DEBUG=1",
					"$(inherited)",
				);
				GCC_WARN_64_TO_32_BIT_CONVERSION = YES;
				GCC_WARN_ABOUT_RETURN_TYPE = YES_ERROR;
				GCC_WARN_UNDECLARED_SELECTOR = YES;
				GCC_WARN_UNINITIALIZED_AUTOS = YES_AGGRESSIVE;
				GCC_WARN_UNUSED_FUNCTION = YES;
				GCC_WARN_UNUSED_VARIABLE = YES;
				IPHONEOS_DEPLOYMENT_TARGET = 10.3;
				MTL_ENABLE_DEBUG_INFO = YES;
				ONLY_ACTIVE_ARCH = YES;
				SDKROOT = iphoneos;
				SWIFT_ACTIVE_COMPILATION_CONDITIONS = DEBUG;
				SWIFT_OPTIMIZATION_LEVEL = "-Onone";
				SWIFT_VERSION = "";
				TARGETED_DEVICE_FAMILY = "1,2";
			};
			name = Debug;
		};
		348703631F3BFBB6002BF779 /* Release */ = {
			isa = XCBuildConfiguration;
			buildSettings = {
				ALWAYS_SEARCH_USER_PATHS = NO;
				CLANG_ANALYZER_NONNULL = YES;
				CLANG_ANALYZER_NUMBER_OBJECT_CONVERSION = YES_AGGRESSIVE;
				CLANG_CXX_LANGUAGE_STANDARD = "gnu++0x";
				CLANG_CXX_LIBRARY = "libc++";
				CLANG_ENABLE_MODULES = YES;
				CLANG_ENABLE_OBJC_ARC = YES;
				CLANG_WARN_BLOCK_CAPTURE_AUTORELEASING = YES;
				CLANG_WARN_BOOL_CONVERSION = YES;
				CLANG_WARN_COMMA = YES;
				CLANG_WARN_CONSTANT_CONVERSION = YES;
				CLANG_WARN_DEPRECATED_OBJC_IMPLEMENTATIONS = YES;
				CLANG_WARN_DIRECT_OBJC_ISA_USAGE = YES_ERROR;
				CLANG_WARN_DOCUMENTATION_COMMENTS = YES;
				CLANG_WARN_EMPTY_BODY = YES;
				CLANG_WARN_ENUM_CONVERSION = YES;
				CLANG_WARN_INFINITE_RECURSION = YES;
				CLANG_WARN_INT_CONVERSION = YES;
				CLANG_WARN_NON_LITERAL_NULL_CONVERSION = YES;
				CLANG_WARN_OBJC_IMPLICIT_RETAIN_SELF = YES;
				CLANG_WARN_OBJC_LITERAL_CONVERSION = YES;
				CLANG_WARN_OBJC_ROOT_CLASS = YES_ERROR;
				CLANG_WARN_RANGE_LOOP_ANALYSIS = YES;
				CLANG_WARN_STRICT_PROTOTYPES = YES;
				CLANG_WARN_SUSPICIOUS_MOVE = YES;
				CLANG_WARN_UNREACHABLE_CODE = YES;
				CLANG_WARN__DUPLICATE_METHOD_MATCH = YES;
				"CODE_SIGN_IDENTITY[sdk=iphoneos*]" = "iPhone Developer";
				COPY_PHASE_STRIP = NO;
				DEBUG_INFORMATION_FORMAT = "dwarf-with-dsym";
				ENABLE_NS_ASSERTIONS = NO;
				ENABLE_STRICT_OBJC_MSGSEND = YES;
				GCC_C_LANGUAGE_STANDARD = gnu99;
				GCC_NO_COMMON_BLOCKS = YES;
				GCC_WARN_64_TO_32_BIT_CONVERSION = YES;
				GCC_WARN_ABOUT_RETURN_TYPE = YES_ERROR;
				GCC_WARN_UNDECLARED_SELECTOR = YES;
				GCC_WARN_UNINITIALIZED_AUTOS = YES_AGGRESSIVE;
				GCC_WARN_UNUSED_FUNCTION = YES;
				GCC_WARN_UNUSED_VARIABLE = YES;
				IPHONEOS_DEPLOYMENT_TARGET = 10.3;
				MTL_ENABLE_DEBUG_INFO = NO;
				SDKROOT = iphoneos;
				SWIFT_OPTIMIZATION_LEVEL = "-Owholemodule";
				SWIFT_VERSION = "";
				TARGETED_DEVICE_FAMILY = "1,2";
				VALIDATE_PRODUCT = YES;
			};
			name = Release;
		};
		348703651F3BFBB6002BF779 /* Debug */ = {
			isa = XCBuildConfiguration;
			buildSettings = {
				ASSETCATALOG_COMPILER_APPICON_NAME = AppIcon;
				CODE_SIGN_ENTITLEMENTS = OurConcerts/OurConcerts.entitlements;
				DEVELOPMENT_TEAM = 28MKEBVHS8;
				INFOPLIST_FILE = OurConcerts/Info.plist;
				IPHONEOS_DEPLOYMENT_TARGET = 10.3;
				LD_RUNPATH_SEARCH_PATHS = "$(inherited) @executable_path/Frameworks";
				PRODUCT_BUNDLE_IDENTIFIER = com.example.OurConcerts;
				PRODUCT_NAME = "$(TARGET_NAME)";
				SWIFT_SWIFT3_OBJC_INFERENCE = Default;
				SWIFT_VERSION = 4.0;
			};
			name = Debug;
		};
		348703661F3BFBB6002BF779 /* Release */ = {
			isa = XCBuildConfiguration;
			buildSettings = {
				ASSETCATALOG_COMPILER_APPICON_NAME = AppIcon;
				CODE_SIGN_ENTITLEMENTS = OurConcerts/OurConcerts.entitlements;
				DEVELOPMENT_TEAM = 28MKEBVHS8;
				INFOPLIST_FILE = OurConcerts/Info.plist;
				IPHONEOS_DEPLOYMENT_TARGET = 10.3;
				LD_RUNPATH_SEARCH_PATHS = "$(inherited) @executable_path/Frameworks";
				PRODUCT_BUNDLE_IDENTIFIER = com.example.OurConcerts;
				PRODUCT_NAME = "$(TARGET_NAME)";
				SWIFT_SWIFT3_OBJC_INFERENCE = Default;
				SWIFT_VERSION = 4.0;
			};
			name = Release;
		};
		348703681F3BFBB6002BF779 /* Debug */ = {
			isa = XCBuildConfiguration;
			buildSettings = {
				ALWAYS_EMBED_SWIFT_STANDARD_LIBRARIES = YES;
				BUNDLE_LOADER = "$(TEST_HOST)";
				DEVELOPMENT_TEAM = 28MKEBVHS8;
				INFOPLIST_FILE = OurConcertsTests/Info.plist;
				LD_RUNPATH_SEARCH_PATHS = "$(inherited) @executable_path/Frameworks @loader_path/Frameworks";
				PRODUCT_BUNDLE_IDENTIFIER = com.example.OurConcertsTests;
				PRODUCT_NAME = "$(TARGET_NAME)";
				SWIFT_SWIFT3_OBJC_INFERENCE = Default;
				SWIFT_VERSION = 4.0;
				TEST_HOST = "$(BUILT_PRODUCTS_DIR)/OurConcerts.app/OurConcerts";
			};
			name = Debug;
		};
		348703691F3BFBB6002BF779 /* Release */ = {
			isa = XCBuildConfiguration;
			buildSettings = {
				ALWAYS_EMBED_SWIFT_STANDARD_LIBRARIES = YES;
				BUNDLE_LOADER = "$(TEST_HOST)";
				DEVELOPMENT_TEAM = 28MKEBVHS8;
				INFOPLIST_FILE = OurConcertsTests/Info.plist;
				LD_RUNPATH_SEARCH_PATHS = "$(inherited) @executable_path/Frameworks @loader_path/Frameworks";
				PRODUCT_BUNDLE_IDENTIFIER = com.example.OurConcertsTests;
				PRODUCT_NAME = "$(TARGET_NAME)";
				SWIFT_SWIFT3_OBJC_INFERENCE = Default;
				SWIFT_VERSION = 4.0;
				TEST_HOST = "$(BUILT_PRODUCTS_DIR)/OurConcerts.app/OurConcerts";
			};
			name = Release;
		};
		3487036B1F3BFBB6002BF779 /* Debug */ = {
			isa = XCBuildConfiguration;
			buildSettings = {
				ALWAYS_EMBED_SWIFT_STANDARD_LIBRARIES = YES;
				DEVELOPMENT_TEAM = 28MKEBVHS8;
				INFOPLIST_FILE = OurConcertsUITests/Info.plist;
				LD_RUNPATH_SEARCH_PATHS = "$(inherited) @executable_path/Frameworks @loader_path/Frameworks";
				PRODUCT_BUNDLE_IDENTIFIER = com.example.OurConcertsUITests;
				PRODUCT_NAME = "$(TARGET_NAME)";
				SWIFT_SWIFT3_OBJC_INFERENCE = Default;
				SWIFT_VERSION = 4.0;
				TEST_TARGET_NAME = OurConcerts;
			};
			name = Debug;
		};
		3487036C1F3BFBB6002BF779 /* Release */ = {
			isa = XCBuildConfiguration;
			buildSettings = {
				ALWAYS_EMBED_SWIFT_STANDARD_LIBRARIES = YES;
				DEVELOPMENT_TEAM = 28MKEBVHS8;
				INFOPLIST_FILE = OurConcertsUITests/Info.plist;
				LD_RUNPATH_SEARCH_PATHS = "$(inherited) @executable_path/Frameworks @loader_path/Frameworks";
				PRODUCT_BUNDLE_IDENTIFIER = com.example.OurConcertsUITests;
				PRODUCT_NAME = "$(TARGET_NAME)";
				SWIFT_SWIFT3_OBJC_INFERENCE = Default;
				SWIFT_VERSION = 4.0;
				TEST_TARGET_NAME = OurConcerts;
			};
			name = Release;
		};
/* End XCBuildConfiguration section */

/* Begin XCConfigurationList section */
		348703341F3BFBB5002BF779 /* Build configuration list for PBXProject "OurConcerts" */ = {
			isa = XCConfigurationList;
			buildConfigurations = (
				348703621F3BFBB6002BF779 /* Debug */,
				348703631F3BFBB6002BF779 /* Release */,
			);
			defaultConfigurationIsVisible = 0;
			defaultConfigurationName = Release;
		};
		348703641F3BFBB6002BF779 /* Build configuration list for PBXNativeTarget "OurConcerts" */ = {
			isa = XCConfigurationList;
			buildConfigurations = (
				348703651F3BFBB6002BF779 /* Debug */,
				348703661F3BFBB6002BF779 /* Release */,
			);
			defaultConfigurationIsVisible = 0;
			defaultConfigurationName = Release;
		};
		348703671F3BFBB6002BF779 /* Build configuration list for PBXNativeTarget "OurConcertsTests" */ = {
			isa = XCConfigurationList;
			buildConfigurations = (
				348703681F3BFBB6002BF779 /* Debug */,
				348703691F3BFBB6002BF779 /* Release */,
			);
			defaultConfigurationIsVisible = 0;
			defaultConfigurationName = Release;
		};
		3487036A1F3BFBB6002BF779 /* Build configuration list for PBXNativeTarget "OurConcertsUITests" */ = {
			isa = XCConfigurationList;
			buildConfigurations = (
				3487036B1F3BFBB6002BF779 /* Debug */,
				3487036C1F3BFBB6002BF779 /* Release */,
			);
			defaultConfigurationIsVisible = 0;
			defaultConfigurationName = Release;
		};
/* End XCConfigurationList section */

/* Begin XCVersionGroup section */
		348703431F3BFBB6002BF779 /* OurConcerts.xcdatamodeld */ = {
			isa = XCVersionGroup;
			children = (
				348703441F3BFBB6002BF779 /* OurConcerts.xcdatamodel */,
			);
			currentVersion = 348703441F3BFBB6002BF779 /* OurConcerts.xcdatamodel */;
			path = OurConcerts.xcdatamodeld;
			sourceTree = "<group>";
			versionGroupType = wrapper.xcdatamodel;
		};
/* End XCVersionGroup section */
	};
	rootObject = 348703311F3BFBB5002BF779 /* Project object */;
}
